
Microsoft Visual Studio Solution File, Format Version 12.00
# Visual Studio Version 16
VisualStudioVersion = 16.0.30114.105
MinimumVisualStudioVersion = 10.0.40219.1
Project("{2150E333-8FDC-42A3-9474-1A3956D46DE8}") = "tests", "tests", "{E41807AF-1AFB-485A-89D8-D5E5A006248B}"
EndProject
Project("{FAE04EC0-301F-11D3-BF4B-00C04F79EFBC}") = "NetCore6.IntegrationTests", "tests\NetCore6.IntegrationTests\NetCore6.IntegrationTests.csproj", "{18D7309F-801F-481B-A232-0D1B7F5A4FF4}"
EndProject
Project("{FAE04EC0-301F-11D3-BF4B-00C04F79EFBC}") = "NetCore6.UnitTests", "tests\NetCore6.UnitTests\NetCore6.UnitTests.csproj", "{428F4472-82E9-4806-99B2-533F1F3EC444}"
EndProject
Project("{2150E333-8FDC-42A3-9474-1A3956D46DE8}") = "src", "src", "{C3E3D31B-3513-4B32-BC6E-3CC383B5CFB8}"
EndProject
Project("{FAE04EC0-301F-11D3-BF4B-00C04F79EFBC}") = "NetCore6.Api", "src\NetCore6.Api\NetCore6.Api.csproj", "{DC0591F5-C34E-4F4E-8424-243E503639FE}"
EndProject
Project("{FAE04EC0-301F-11D3-BF4B-00C04F79EFBC}") = "NetCore6.Bl", "src\NetCore6.Bl\NetCore6.Bl.csproj", "{F6E2AFD8-D902-452C-9A17-D20A2859B1E2}"
EndProject
Project("{FAE04EC0-301F-11D3-BF4B-00C04F79EFBC}") = "NetCore6.Core", "src\NetCore6.Core\NetCore6.Core.csproj", "{F34F62E4-C85A-4B66-A24A-E165023560EC}"
EndProject
Project("{FAE04EC0-301F-11D3-BF4B-00C04F79EFBC}") = "NetCore6.Model", "src\NetCore6.Model\NetCore6.Model.csproj", "{8884C826-C646-461D-8C84-C6D6D4EE8BC2}"
EndProject
Project("{FAE04EC0-301F-11D3-BF4B-00C04F79EFBC}") = "NetCore6.Services", "src\NetCore6.Services\NetCore6.Services.csproj", "{1DF2293E-872B-4464-99A7-159FCE4C5B0C}"
EndProject
Global
	GlobalSection(SolutionConfigurationPlatforms) = preSolution
		Debug|Any CPU = Debug|Any CPU
		Release|Any CPU = Release|Any CPU
	EndGlobalSection
	GlobalSection(SolutionProperties) = preSolution
		HideSolutionNode = FALSE
	EndGlobalSection
	GlobalSection(ProjectConfigurationPlatforms) = postSolution
		{18D7309F-801F-481B-A232-0D1B7F5A4FF4}.Debug|Any CPU.ActiveCfg = Debug|Any CPU
		{18D7309F-801F-481B-A232-0D1B7F5A4FF4}.Debug|Any CPU.Build.0 = Debug|Any CPU
		{18D7309F-801F-481B-A232-0D1B7F5A4FF4}.Release|Any CPU.ActiveCfg = Release|Any CPU
		{18D7309F-801F-481B-A232-0D1B7F5A4FF4}.Release|Any CPU.Build.0 = Release|Any CPU
		{428F4472-82E9-4806-99B2-533F1F3EC444}.Debug|Any CPU.ActiveCfg = Debug|Any CPU
		{428F4472-82E9-4806-99B2-533F1F3EC444}.Debug|Any CPU.Build.0 = Debug|Any CPU
		{428F4472-82E9-4806-99B2-533F1F3EC444}.Release|Any CPU.ActiveCfg = Release|Any CPU
		{428F4472-82E9-4806-99B2-533F1F3EC444}.Release|Any CPU.Build.0 = Release|Any CPU
		{DC0591F5-C34E-4F4E-8424-243E503639FE}.Debug|Any CPU.ActiveCfg = Debug|Any CPU
		{DC0591F5-C34E-4F4E-8424-243E503639FE}.Debug|Any CPU.Build.0 = Debug|Any CPU
		{DC0591F5-C34E-4F4E-8424-243E503639FE}.Release|Any CPU.ActiveCfg = Release|Any CPU
		{DC0591F5-C34E-4F4E-8424-243E503639FE}.Release|Any CPU.Build.0 = Release|Any CPU
		{F6E2AFD8-D902-452C-9A17-D20A2859B1E2}.Debug|Any CPU.ActiveCfg = Debug|Any CPU
		{F6E2AFD8-D902-452C-9A17-D20A2859B1E2}.Debug|Any CPU.Build.0 = Debug|Any CPU
		{F6E2AFD8-D902-452C-9A17-D20A2859B1E2}.Release|Any CPU.ActiveCfg = Release|Any CPU
		{F6E2AFD8-D902-452C-9A17-D20A2859B1E2}.Release|Any CPU.Build.0 = Release|Any CPU
		{F34F62E4-C85A-4B66-A24A-E165023560EC}.Debug|Any CPU.ActiveCfg = Debug|Any CPU
		{F34F62E4-C85A-4B66-A24A-E165023560EC}.Debug|Any CPU.Build.0 = Debug|Any CPU
		{F34F62E4-C85A-4B66-A24A-E165023560EC}.Release|Any CPU.ActiveCfg = Release|Any CPU
		{F34F62E4-C85A-4B66-A24A-E165023560EC}.Release|Any CPU.Build.0 = Release|Any CPU
		{8884C826-C646-461D-8C84-C6D6D4EE8BC2}.Debug|Any CPU.ActiveCfg = Debug|Any CPU
		{8884C826-C646-461D-8C84-C6D6D4EE8BC2}.Debug|Any CPU.Build.0 = Debug|Any CPU
		{8884C826-C646-461D-8C84-C6D6D4EE8BC2}.Release|Any CPU.ActiveCfg = Release|Any CPU
		{8884C826-C646-461D-8C84-C6D6D4EE8BC2}.Release|Any CPU.Build.0 = Release|Any CPU
		{1DF2293E-872B-4464-99A7-159FCE4C5B0C}.Debug|Any CPU.ActiveCfg = Debug|Any CPU
		{1DF2293E-872B-4464-99A7-159FCE4C5B0C}.Debug|Any CPU.Build.0 = Debug|Any CPU
		{1DF2293E-872B-4464-99A7-159FCE4C5B0C}.Release|Any CPU.ActiveCfg = Release|Any CPU
		{1DF2293E-872B-4464-99A7-159FCE4C5B0C}.Release|Any CPU.Build.0 = Release|Any CPU
	EndGlobalSection
	GlobalSection(NestedProjects) = preSolution
		{18D7309F-801F-481B-A232-0D1B7F5A4FF4} = {E41807AF-1AFB-485A-89D8-D5E5A006248B}
		{428F4472-82E9-4806-99B2-533F1F3EC444} = {E41807AF-1AFB-485A-89D8-D5E5A006248B}
		{DC0591F5-C34E-4F4E-8424-243E503639FE} = {C3E3D31B-3513-4B32-BC6E-3CC383B5CFB8}
		{F6E2AFD8-D902-452C-9A17-D20A2859B1E2} = {C3E3D31B-3513-4B32-BC6E-3CC383B5CFB8}
		{F34F62E4-C85A-4B66-A24A-E165023560EC} = {C3E3D31B-3513-4B32-BC6E-3CC383B5CFB8}
		{8884C826-C646-461D-8C84-C6D6D4EE8BC2} = {C3E3D31B-3513-4B32-BC6E-3CC383B5CFB8}
		{1DF2293E-872B-4464-99A7-159FCE4C5B0C} = {C3E3D31B-3513-4B32-BC6E-3CC383B5CFB8}
	EndGlobalSection
EndGlobal
